
Microsoft Visual Studio Solution File, Format Version 12.00
# Visual Studio Version 17
VisualStudioVersion = 17.8.34322.80
MinimumVisualStudioVersion = 10.0.40219.1
Project("{FAE04EC0-301F-11D3-BF4B-00C04F79EFBC}") = "HeartsCardGame", "HeartsCardGame\HeartsCardGame.csproj", "{7A2D0B42-8A4A-433B-B28D-F96F620E3F48}"
EndProject
Global
	GlobalSection(SolutionConfigurationPlatforms) = preSolution
		Debug|Any CPU = Debug|Any CPU
		Release|Any CPU = Release|Any CPU
	EndGlobalSection
	GlobalSection(ProjectConfigurationPlatforms) = postSolution
		{7A2D0B42-8A4A-433B-B28D-F96F620E3F48}.Debug|Any CPU.ActiveCfg = Debug|Any CPU
		{7A2D0B42-8A4A-433B-B28D-F96F620E3F48}.Debug|Any CPU.Build.0 = Debug|Any CPU
		{7A2D0B42-8A4A-433B-B28D-F96F620E3F48}.Release|Any CPU.ActiveCfg = Release|Any CPU
		{7A2D0B42-8A4A-433B-B28D-F96F620E3F48}.Release|Any CPU.Build.0 = Release|Any CPU
	EndGlobalSection
	GlobalSection(SolutionProperties) = preSolution
		HideSolutionNode = FALSE
	EndGlobalSection
	GlobalSection(ExtensibilityGlobals) = postSolution
		SolutionGuid = {DBABAE7A-8A70-4903-AFD4-3A5C6D6EC151}
	EndGlobalSection
EndGlobal
